
Microsoft Visual Studio Solution File, Format Version 12.00
# Visual Studio Version 17
VisualStudioVersion = 17.0.31919.166
MinimumVisualStudioVersion = 10.0.40219.1
Project("{FAE04EC0-301F-11D3-BF4B-00C04F79EFBC}") = "assessment4", "assessment4.csproj", "{AD677CB2-0864-41EA-880F-3AD3EE272F83}"
EndProject
Global
	GlobalSection(SolutionConfigurationPlatforms) = preSolution
		Debug|Any CPU = Debug|Any CPU
		Release|Any CPU = Release|Any CPU
	EndGlobalSection
	GlobalSection(ProjectConfigurationPlatforms) = postSolution
		{AD677CB2-0864-41EA-880F-3AD3EE272F83}.Debug|Any CPU.ActiveCfg = Debug|Any CPU
		{AD677CB2-0864-41EA-880F-3AD3EE272F83}.Debug|Any CPU.Build.0 = Debug|Any CPU
		{AD677CB2-0864-41EA-880F-3AD3EE272F83}.Release|Any CPU.ActiveCfg = Release|Any CPU
		{AD677CB2-0864-41EA-880F-3AD3EE272F83}.Release|Any CPU.Build.0 = Release|Any CPU
	EndGlobalSection
	GlobalSection(SolutionProperties) = preSolution
		HideSolutionNode = FALSE
	EndGlobalSection
	GlobalSection(ExtensibilityGlobals) = postSolution
		SolutionGuid = {730D8189-721B-457E-BD2D-7C63573EA7DF}
	EndGlobalSection
EndGlobal
